<Solution>
  <Folder Name="/API/">
    <Project Path="MedicinAPI/MedicinAPI.csproj" />
  </Folder>
  <Folder Name="/Business/">
    <Project Path="BusinessLayer/BusinessLayer.csproj" />
  </Folder>
  <Folder Name="/Business/DTO&amp;Mapper/">
    <Project Path="DTO/DTO.csproj" />
    <Project Path="Mappers/Mappers.csproj" />
  </Folder>
  <Folder Name="/DataLayer/">
    <Project Path="ConsoleApp1/DataAccess.csproj" />
    <Project Path="Models/Models.csproj" Id="587eacf4-35bd-4545-8a1e-044430316011" />
  </Folder>
  <Folder Name="/Klienter/">
    <Project Path="ApotekUI/ApotekUI.csproj" />
  </Folder>
</Solution>
